// !$*UTF8*$!
{
	archiveVersion = 1;
	classes = {
	};
	objectVersion = 45;
	objects = {

/* Begin PBXBuildFile section */
		180E006713D19F83005DF14C /* WallViewController.m in Sources */ = {isa = PBXBuildFile; fileRef = 180E006613D19F83005DF14C /* WallViewController.m */; };
		180E01AC13D1B201005DF14C /* missing-people.png in Resources */ = {isa = PBXBuildFile; fileRef = 180E01AB13D1B201005DF14C /* missing-people.png */; };
		1873AB0413D16FB3001A999B /* AFKPageFlipper.m in Sources */ = {isa = PBXBuildFile; fileRef = 1873AB0313D16FB3001A999B /* AFKPageFlipper.m */; };
		1873AB2513D17044001A999B /* QuartzCore.framework in Frameworks */ = {isa = PBXBuildFile; fileRef = 1873AB2413D17044001A999B /* QuartzCore.framework */; };
		1873ABE513D17378001A999B /* flip-illusion-oriented.jpg in Resources */ = {isa = PBXBuildFile; fileRef = 1873ABE313D17377001A999B /* flip-illusion-oriented.jpg */; };
		1873ABE613D17378001A999B /* flip-illusion.png in Resources */ = {isa = PBXBuildFile; fileRef = 1873ABE413D17378001A999B /* flip-illusion.png */; };
		1873AC0D13D173AC001A999B /* unselected-page.png in Resources */ = {isa = PBXBuildFile; fileRef = 1873AC0B13D173AC001A999B /* unselected-page.png */; };
		1873AC0E13D173AC001A999B /* selected-page.png in Resources */ = {isa = PBXBuildFile; fileRef = 1873AC0C13D173AC001A999B /* selected-page.png */; };
		1873AC2A13D17428001A999B /* FullScreenView.m in Sources */ = {isa = PBXBuildFile; fileRef = 1873AC2113D17428001A999B /* FullScreenView.m */; };
		1873AC2B13D17428001A999B /* TitleAndTextView.m in Sources */ = {isa = PBXBuildFile; fileRef = 1873AC2313D17428001A999B /* TitleAndTextView.m */; };
		1873AC2C13D17428001A999B /* UIViewExtention.m in Sources */ = {isa = PBXBuildFile; fileRef = 1873AC2513D17428001A999B /* UIViewExtention.m */; };
		1873AC2D13D17428001A999B /* HeaderView.m in Sources */ = {isa = PBXBuildFile; fileRef = 1873AC2713D17428001A999B /* HeaderView.m */; };
		1873AC2E13D17428001A999B /* FooterView.m in Sources */ = {isa = PBXBuildFile; fileRef = 1873AC2913D17428001A999B /* FooterView.m */; };
		1873AC4113D1743A001A999B /* LayoutViewExtention.m in Sources */ = {isa = PBXBuildFile; fileRef = 1873AC3013D1743A001A999B /* LayoutViewExtention.m */; };
		1873AC4213D1743A001A999B /* Layout5.m in Sources */ = {isa = PBXBuildFile; fileRef = 1873AC3213D1743A001A999B /* Layout5.m */; };
		1873AC4313D1743A001A999B /* Layout6.m in Sources */ = {isa = PBXBuildFile; fileRef = 1873AC3413D1743A001A999B /* Layout6.m */; };
		1873AC4413D1743A001A999B /* Layout7.m in Sources */ = {isa = PBXBuildFile; fileRef = 1873AC3613D1743A001A999B /* Layout7.m */; };
		1873AC4513D1743A001A999B /* Layout8.m in Sources */ = {isa = PBXBuildFile; fileRef = 1873AC3813D1743A001A999B /* Layout8.m */; };
		1873AC4613D1743A001A999B /* Layout4.m in Sources */ = {isa = PBXBuildFile; fileRef = 1873AC3A13D1743A001A999B /* Layout4.m */; };
		1873AC4713D1743A001A999B /* Layout3.m in Sources */ = {isa = PBXBuildFile; fileRef = 1873AC3C13D1743A001A999B /* Layout3.m */; };
		1873AC4813D1743A001A999B /* Layout2.m in Sources */ = {isa = PBXBuildFile; fileRef = 1873AC3E13D1743A001A999B /* Layout2.m */; };
		1873AC4913D1743A001A999B /* Layout1.m in Sources */ = {isa = PBXBuildFile; fileRef = 1873AC4013D1743A001A999B /* Layout1.m */; };
		1873AC5913D17550001A999B /* MessageModel.m in Sources */ = {isa = PBXBuildFile; fileRef = 1873AC5813D17550001A999B /* MessageModel.m */; };
		18D45F7B13D4365000BB814D /* close-popup.png in Resources */ = {isa = PBXBuildFile; fileRef = 18D45F7A13D4365000BB814D /* close-popup.png */; };
		18FD403713DB18460080C465 /* License in Resources */ = {isa = PBXBuildFile; fileRef = 18FD403613DB18460080C465 /* License */; };
		1D3623260D0F684500981E51 /* FlipViewAppDelegate.m in Sources */ = {isa = PBXBuildFile; fileRef = 1D3623250D0F684500981E51 /* FlipViewAppDelegate.m */; };
		1D60589B0D05DD56006BFB54 /* main.m in Sources */ = {isa = PBXBuildFile; fileRef = 29B97316FDCFA39411CA2CEA /* main.m */; };
		1D60589F0D05DD5A006BFB54 /* Foundation.framework in Frameworks */ = {isa = PBXBuildFile; fileRef = 1D30AB110D05D00D00671497 /* Foundation.framework */; };
		1DF5F4E00D08C38300B7A737 /* UIKit.framework in Frameworks */ = {isa = PBXBuildFile; fileRef = 1DF5F4DF0D08C38300B7A737 /* UIKit.framework */; };
		288765A50DF7441C002DB57D /* CoreGraphics.framework in Frameworks */ = {isa = PBXBuildFile; fileRef = 288765A40DF7441C002DB57D /* CoreGraphics.framework */; };
		28AD733F0D9D9553002E5188 /* MainWindow.xib in Resources */ = {isa = PBXBuildFile; fileRef = 28AD733E0D9D9553002E5188 /* MainWindow.xib */; };
/* End PBXBuildFile section */

/* Begin PBXFileReference section */
		180E006513D19F83005DF14C /* WallViewController.h */ = {isa = PBXFileReference; fileEncoding = 4; lastKnownFileType = sourcecode.c.h; path = WallViewController.h; sourceTree = "<group>"; };
		180E006613D19F83005DF14C /* WallViewController.m */ = {isa = PBXFileReference; fileEncoding = 4; lastKnownFileType = sourcecode.c.objc; path = WallViewController.m; sourceTree = "<group>"; };
		180E01AB13D1B201005DF14C /* missing-people.png */ = {isa = PBXFileReference; lastKnownFileType = image.png; path = "missing-people.png"; sourceTree = "<group>"; };
		1873AB0213D16FB3001A999B /* AFKPageFlipper.h */ = {isa = PBXFileReference; fileEncoding = 4; lastKnownFileType = sourcecode.c.h; path = AFKPageFlipper.h; sourceTree = "<group>"; };
		1873AB0313D16FB3001A999B /* AFKPageFlipper.m */ = {isa = PBXFileReference; fileEncoding = 4; lastKnownFileType = sourcecode.c.objc; path = AFKPageFlipper.m; sourceTree = "<group>"; };
		1873AB2413D17044001A999B /* QuartzCore.framework */ = {isa = PBXFileReference; lastKnownFileType = wrapper.framework; name = QuartzCore.framework; path = System/Library/Frameworks/QuartzCore.framework; sourceTree = SDKROOT; };
		1873AB7113D1726E001A999B /* ColorHelper.h */ = {isa = PBXFileReference; fileEncoding = 4; lastKnownFileType = sourcecode.c.h; path = ColorHelper.h; sourceTree = "<group>"; };
		1873ABE313D17377001A999B /* flip-illusion-oriented.jpg */ = {isa = PBXFileReference; lastKnownFileType = image.jpeg; path = "flip-illusion-oriented.jpg"; sourceTree = "<group>"; };
		1873ABE413D17378001A999B /* flip-illusion.png */ = {isa = PBXFileReference; lastKnownFileType = image.png; path = "flip-illusion.png"; sourceTree = "<group>"; };
		1873AC0B13D173AC001A999B /* unselected-page.png */ = {isa = PBXFileReference; lastKnownFileType = image.png; path = "unselected-page.png"; sourceTree = "<group>"; };
		1873AC0C13D173AC001A999B /* selected-page.png */ = {isa = PBXFileReference; lastKnownFileType = image.png; path = "selected-page.png"; sourceTree = "<group>"; };
		1873AC2013D17428001A999B /* FullScreenView.h */ = {isa = PBXFileReference; fileEncoding = 4; lastKnownFileType = sourcecode.c.h; path = FullScreenView.h; sourceTree = "<group>"; };
		1873AC2113D17428001A999B /* FullScreenView.m */ = {isa = PBXFileReference; fileEncoding = 4; lastKnownFileType = sourcecode.c.objc; path = FullScreenView.m; sourceTree = "<group>"; };
		1873AC2213D17428001A999B /* TitleAndTextView.h */ = {isa = PBXFileReference; fileEncoding = 4; lastKnownFileType = sourcecode.c.h; path = TitleAndTextView.h; sourceTree = "<group>"; };
		1873AC2313D17428001A999B /* TitleAndTextView.m */ = {isa = PBXFileReference; fileEncoding = 4; lastKnownFileType = sourcecode.c.objc; path = TitleAndTextView.m; sourceTree = "<group>"; };
		1873AC2413D17428001A999B /* UIViewExtention.h */ = {isa = PBXFileReference; fileEncoding = 4; lastKnownFileType = sourcecode.c.h; path = UIViewExtention.h; sourceTree = "<group>"; };
		1873AC2513D17428001A999B /* UIViewExtention.m */ = {isa = PBXFileReference; fileEncoding = 4; lastKnownFileType = sourcecode.c.objc; path = UIViewExtention.m; sourceTree = "<group>"; };
		1873AC2613D17428001A999B /* HeaderView.h */ = {isa = PBXFileReference; fileEncoding = 4; lastKnownFileType = sourcecode.c.h; path = HeaderView.h; sourceTree = "<group>"; };
		1873AC2713D17428001A999B /* HeaderView.m */ = {isa = PBXFileReference; fileEncoding = 4; lastKnownFileType = sourcecode.c.objc; path = HeaderView.m; sourceTree = "<group>"; };
		1873AC2813D17428001A999B /* FooterView.h */ = {isa = PBXFileReference; fileEncoding = 4; lastKnownFileType = sourcecode.c.h; path = FooterView.h; sourceTree = "<group>"; };
		1873AC2913D17428001A999B /* FooterView.m */ = {isa = PBXFileReference; fileEncoding = 4; lastKnownFileType = sourcecode.c.objc; path = FooterView.m; sourceTree = "<group>"; };
		1873AC2F13D17439001A999B /* LayoutViewExtention.h */ = {isa = PBXFileReference; fileEncoding = 4; lastKnownFileType = sourcecode.c.h; path = LayoutViewExtention.h; sourceTree = "<group>"; };
		1873AC3013D1743A001A999B /* LayoutViewExtention.m */ = {isa = PBXFileReference; fileEncoding = 4; lastKnownFileType = sourcecode.c.objc; path = LayoutViewExtention.m; sourceTree = "<group>"; };
		1873AC3113D1743A001A999B /* Layout5.h */ = {isa = PBXFileReference; fileEncoding = 4; lastKnownFileType = sourcecode.c.h; path = Layout5.h; sourceTree = "<group>"; };
		1873AC3213D1743A001A999B /* Layout5.m */ = {isa = PBXFileReference; fileEncoding = 4; lastKnownFileType = sourcecode.c.objc; path = Layout5.m; sourceTree = "<group>"; };
		1873AC3313D1743A001A999B /* Layout6.h */ = {isa = PBXFileReference; fileEncoding = 4; lastKnownFileType = sourcecode.c.h; path = Layout6.h; sourceTree = "<group>"; };
		1873AC3413D1743A001A999B /* Layout6.m */ = {isa = PBXFileReference; fileEncoding = 4; lastKnownFileType = sourcecode.c.objc; path = Layout6.m; sourceTree = "<group>"; };
		1873AC3513D1743A001A999B /* Layout7.h */ = {isa = PBXFileReference; fileEncoding = 4; lastKnownFileType = sourcecode.c.h; path = Layout7.h; sourceTree = "<group>"; };
		1873AC3613D1743A001A999B /* Layout7.m */ = {isa = PBXFileReference; fileEncoding = 4; lastKnownFileType = sourcecode.c.objc; path = Layout7.m; sourceTree = "<group>"; };
		1873AC3713D1743A001A999B /* Layout8.h */ = {isa = PBXFileReference; fileEncoding = 4; lastKnownFileType = sourcecode.c.h; path = Layout8.h; sourceTree = "<group>"; };
		1873AC3813D1743A001A999B /* Layout8.m */ = {isa = PBXFileReference; fileEncoding = 4; lastKnownFileType = sourcecode.c.objc; path = Layout8.m; sourceTree = "<group>"; };
		1873AC3913D1743A001A999B /* Layout4.h */ = {isa = PBXFileReference; fileEncoding = 4; lastKnownFileType = sourcecode.c.h; path = Layout4.h; sourceTree = "<group>"; };
		1873AC3A13D1743A001A999B /* Layout4.m */ = {isa = PBXFileReference; fileEncoding = 4; lastKnownFileType = sourcecode.c.objc; path = Layout4.m; sourceTree = "<group>"; };
		1873AC3B13D1743A001A999B /* Layout3.h */ = {isa = PBXFileReference; fileEncoding = 4; lastKnownFileType = sourcecode.c.h; path = Layout3.h; sourceTree = "<group>"; };
		1873AC3C13D1743A001A999B /* Layout3.m */ = {isa = PBXFileReference; fileEncoding = 4; lastKnownFileType = sourcecode.c.objc; path = Layout3.m; sourceTree = "<group>"; };
		1873AC3D13D1743A001A999B /* Layout2.h */ = {isa = PBXFileReference; fileEncoding = 4; lastKnownFileType = sourcecode.c.h; path = Layout2.h; sourceTree = "<group>"; };
		1873AC3E13D1743A001A999B /* Layout2.m */ = {isa = PBXFileReference; fileEncoding = 4; lastKnownFileType = sourcecode.c.objc; path = Layout2.m; sourceTree = "<group>"; };
		1873AC3F13D1743A001A999B /* Layout1.h */ = {isa = PBXFileReference; fileEncoding = 4; lastKnownFileType = sourcecode.c.h; path = Layout1.h; sourceTree = "<group>"; };
		1873AC4013D1743A001A999B /* Layout1.m */ = {isa = PBXFileReference; fileEncoding = 4; lastKnownFileType = sourcecode.c.objc; path = Layout1.m; sourceTree = "<group>"; };
		1873AC5713D17550001A999B /* MessageModel.h */ = {isa = PBXFileReference; fileEncoding = 4; lastKnownFileType = sourcecode.c.h; path = MessageModel.h; sourceTree = "<group>"; };
		1873AC5813D17550001A999B /* MessageModel.m */ = {isa = PBXFileReference; fileEncoding = 4; lastKnownFileType = sourcecode.c.objc; path = MessageModel.m; sourceTree = "<group>"; };
		18D45F7A13D4365000BB814D /* close-popup.png */ = {isa = PBXFileReference; lastKnownFileType = image.png; path = "close-popup.png"; sourceTree = "<group>"; };
		18FD403613DB18460080C465 /* License */ = {isa = PBXFileReference; fileEncoding = 4; lastKnownFileType = text; path = License; sourceTree = "<group>"; };
		1D30AB110D05D00D00671497 /* Foundation.framework */ = {isa = PBXFileReference; lastKnownFileType = wrapper.framework; name = Foundation.framework; path = System/Library/Frameworks/Foundation.framework; sourceTree = SDKROOT; };
		1D3623240D0F684500981E51 /* FlipViewAppDelegate.h */ = {isa = PBXFileReference; fileEncoding = 4; lastKnownFileType = sourcecode.c.h; path = FlipViewAppDelegate.h; sourceTree = "<group>"; };
		1D3623250D0F684500981E51 /* FlipViewAppDelegate.m */ = {isa = PBXFileReference; fileEncoding = 4; lastKnownFileType = sourcecode.c.objc; path = FlipViewAppDelegate.m; sourceTree = "<group>"; };
		1D6058910D05DD3D006BFB54 /* FlipView.app */ = {isa = PBXFileReference; explicitFileType = wrapper.application; includeInIndex = 0; path = FlipView.app; sourceTree = BUILT_PRODUCTS_DIR; };
		1DF5F4DF0D08C38300B7A737 /* UIKit.framework */ = {isa = PBXFileReference; lastKnownFileType = wrapper.framework; name = UIKit.framework; path = System/Library/Frameworks/UIKit.framework; sourceTree = SDKROOT; };
		288765A40DF7441C002DB57D /* CoreGraphics.framework */ = {isa = PBXFileReference; lastKnownFileType = wrapper.framework; name = CoreGraphics.framework; path = System/Library/Frameworks/CoreGraphics.framework; sourceTree = SDKROOT; };
		28AD733E0D9D9553002E5188 /* MainWindow.xib */ = {isa = PBXFileReference; lastKnownFileType = file.xib; path = MainWindow.xib; sourceTree = "<group>"; };
		29B97316FDCFA39411CA2CEA /* main.m */ = {isa = PBXFileReference; fileEncoding = 4; lastKnownFileType = sourcecode.c.objc; path = main.m; sourceTree = "<group>"; };
		32CA4F630368D1EE00C91783 /* FlipView_Prefix.pch */ = {isa = PBXFileReference; fileEncoding = 4; lastKnownFileType = sourcecode.c.h; path = FlipView_Prefix.pch; sourceTree = "<group>"; };
		8D1107310486CEB800E47090 /* FlipView-Info.plist */ = {isa = PBXFileReference; fileEncoding = 4; lastKnownFileType = text.plist.xml; path = "FlipView-Info.plist"; plistStructureDefinitionIdentifier = "com.apple.xcode.plist.structure-definition.iphone.info-plist"; sourceTree = "<group>"; };
/* End PBXFileReference section */

/* Begin PBXFrameworksBuildPhase section */
		1D60588F0D05DD3D006BFB54 /* Frameworks */ = {
			isa = PBXFrameworksBuildPhase;
			buildActionMask = 2147483647;
			files = (
				1D60589F0D05DD5A006BFB54 /* Foundation.framework in Frameworks */,
				1DF5F4E00D08C38300B7A737 /* UIKit.framework in Frameworks */,
				288765A50DF7441C002DB57D /* CoreGraphics.framework in Frameworks */,
				1873AB2513D17044001A999B /* QuartzCore.framework in Frameworks */,
			);
			runOnlyForDeploymentPostprocessing = 0;
		};
/* End PBXFrameworksBuildPhase section */

/* Begin PBXGroup section */
		080E96DDFE201D6D7F000001 /* Classes */ = {
			isa = PBXGroup;
			children = (
				1873AC5613D1753F001A999B /* Model */,
				1873AB7013D1723E001A999B /* Helper */,
				1873AB0113D16F96001A999B /* AFKPageFlipper */,
				1873AAF813D16F29001A999B /* Layouts */,
				1873AAF713D16F21001A999B /* Views */,
				1873AAF613D16F0B001A999B /* Controllers */,
				1D3623240D0F684500981E51 /* FlipViewAppDelegate.h */,
				1D3623250D0F684500981E51 /* FlipViewAppDelegate.m */,
			);
			path = Classes;
			sourceTree = "<group>";
		};
		1873AAF613D16F0B001A999B /* Controllers */ = {
			isa = PBXGroup;
			children = (
				180E006513D19F83005DF14C /* WallViewController.h */,
				180E006613D19F83005DF14C /* WallViewController.m */,
			);
			name = Controllers;
			sourceTree = "<group>";
		};
		1873AAF713D16F21001A999B /* Views */ = {
			isa = PBXGroup;
			children = (
				1873AC2013D17428001A999B /* FullScreenView.h */,
				1873AC2113D17428001A999B /* FullScreenView.m */,
				1873AC2213D17428001A999B /* TitleAndTextView.h */,
				1873AC2313D17428001A999B /* TitleAndTextView.m */,
				1873AC2413D17428001A999B /* UIViewExtention.h */,
				1873AC2513D17428001A999B /* UIViewExtention.m */,
				1873AC2613D17428001A999B /* HeaderView.h */,
				1873AC2713D17428001A999B /* HeaderView.m */,
				1873AC2813D17428001A999B /* FooterView.h */,
				1873AC2913D17428001A999B /* FooterView.m */,
			);
			name = Views;
			sourceTree = "<group>";
		};
		1873AAF813D16F29001A999B /* Layouts */ = {
			isa = PBXGroup;
			children = (
				1873AC2F13D17439001A999B /* LayoutViewExtention.h */,
				1873AC3013D1743A001A999B /* LayoutViewExtention.m */,
				1873AC3113D1743A001A999B /* Layout5.h */,
				1873AC3213D1743A001A999B /* Layout5.m */,
				1873AC3313D1743A001A999B /* Layout6.h */,
				1873AC3413D1743A001A999B /* Layout6.m */,
				1873AC3513D1743A001A999B /* Layout7.h */,
				1873AC3613D1743A001A999B /* Layout7.m */,
				1873AC3713D1743A001A999B /* Layout8.h */,
				1873AC3813D1743A001A999B /* Layout8.m */,
				1873AC3913D1743A001A999B /* Layout4.h */,
				1873AC3A13D1743A001A999B /* Layout4.m */,
				1873AC3B13D1743A001A999B /* Layout3.h */,
				1873AC3C13D1743A001A999B /* Layout3.m */,
				1873AC3D13D1743A001A999B /* Layout2.h */,
				1873AC3E13D1743A001A999B /* Layout2.m */,
				1873AC3F13D1743A001A999B /* Layout1.h */,
				1873AC4013D1743A001A999B /* Layout1.m */,
			);
			name = Layouts;
			sourceTree = "<group>";
		};
		1873AB0113D16F96001A999B /* AFKPageFlipper */ = {
			isa = PBXGroup;
			children = (
				1873AB0213D16FB3001A999B /* AFKPageFlipper.h */,
				1873AB0313D16FB3001A999B /* AFKPageFlipper.m */,
			);
			name = AFKPageFlipper;
			sourceTree = "<group>";
		};
		1873AB7013D1723E001A999B /* Helper */ = {
			isa = PBXGroup;
			children = (
				1873AB7113D1726E001A999B /* ColorHelper.h */,
			);
			name = Helper;
			sourceTree = "<group>";
		};
		1873AC5613D1753F001A999B /* Model */ = {
			isa = PBXGroup;
			children = (
				1873AC5713D17550001A999B /* MessageModel.h */,
				1873AC5813D17550001A999B /* MessageModel.m */,
			);
			name = Model;
			sourceTree = "<group>";
		};
		19C28FACFE9D520D11CA2CBB /* Products */ = {
			isa = PBXGroup;
			children = (
				1D6058910D05DD3D006BFB54 /* FlipView.app */,
			);
			name = Products;
			sourceTree = "<group>";
		};
		29B97314FDCFA39411CA2CEA /* CustomTemplate */ = {
			isa = PBXGroup;
			children = (
				18FD403613DB18460080C465 /* License */,
				080E96DDFE201D6D7F000001 /* Classes */,
				29B97315FDCFA39411CA2CEA /* Other Sources */,
				29B97317FDCFA39411CA2CEA /* Resources */,
				29B97323FDCFA39411CA2CEA /* Frameworks */,
				19C28FACFE9D520D11CA2CBB /* Products */,
			);
			name = CustomTemplate;
			sourceTree = "<group>";
		};
		29B97315FDCFA39411CA2CEA /* Other Sources */ = {
			isa = PBXGroup;
			children = (
				32CA4F630368D1EE00C91783 /* FlipView_Prefix.pch */,
				29B97316FDCFA39411CA2CEA /* main.m */,
			);
			name = "Other Sources";
			sourceTree = "<group>";
		};
		29B97317FDCFA39411CA2CEA /* Resources */ = {
			isa = PBXGroup;
			children = (
				18D45F7A13D4365000BB814D /* close-popup.png */,
				180E01AB13D1B201005DF14C /* missing-people.png */,
				1873AC0B13D173AC001A999B /* unselected-page.png */,
				1873AC0C13D173AC001A999B /* selected-page.png */,
				1873ABE313D17377001A999B /* flip-illusion-oriented.jpg */,
				1873ABE413D17378001A999B /* flip-illusion.png */,
				28AD733E0D9D9553002E5188 /* MainWindow.xib */,
				8D1107310486CEB800E47090 /* FlipView-Info.plist */,
			);
			name = Resources;
			sourceTree = "<group>";
		};
		29B97323FDCFA39411CA2CEA /* Frameworks */ = {
			isa = PBXGroup;
			children = (
				1DF5F4DF0D08C38300B7A737 /* UIKit.framework */,
				1D30AB110D05D00D00671497 /* Foundation.framework */,
				288765A40DF7441C002DB57D /* CoreGraphics.framework */,
				1873AB2413D17044001A999B /* QuartzCore.framework */,
			);
			name = Frameworks;
			sourceTree = "<group>";
		};
/* End PBXGroup section */

/* Begin PBXNativeTarget section */
		1D6058900D05DD3D006BFB54 /* FlipView */ = {
			isa = PBXNativeTarget;
			buildConfigurationList = 1D6058960D05DD3E006BFB54 /* Build configuration list for PBXNativeTarget "FlipView" */;
			buildPhases = (
				1D60588D0D05DD3D006BFB54 /* Resources */,
				1D60588E0D05DD3D006BFB54 /* Sources */,
				1D60588F0D05DD3D006BFB54 /* Frameworks */,
			);
			buildRules = (
			);
			dependencies = (
			);
			name = FlipView;
			productName = FlipViewProject;
			productReference = 1D6058910D05DD3D006BFB54 /* FlipView.app */;
			productType = "com.apple.product-type.application";
		};
/* End PBXNativeTarget section */

/* Begin PBXProject section */
		29B97313FDCFA39411CA2CEA /* Project object */ = {
			isa = PBXProject;
			buildConfigurationList = C01FCF4E08A954540054247B /* Build configuration list for PBXProject "FlipView" */;
			compatibilityVersion = "Xcode 3.1";
			developmentRegion = English;
			hasScannedForEncodings = 1;
			knownRegions = (
				English,
				Japanese,
				French,
				German,
			);
			mainGroup = 29B97314FDCFA39411CA2CEA /* CustomTemplate */;
			projectDirPath = "";
			projectRoot = "";
			targets = (
				1D6058900D05DD3D006BFB54 /* FlipView */,
			);
		};
/* End PBXProject section */

/* Begin PBXResourcesBuildPhase section */
		1D60588D0D05DD3D006BFB54 /* Resources */ = {
			isa = PBXResourcesBuildPhase;
			buildActionMask = 2147483647;
			files = (
				28AD733F0D9D9553002E5188 /* MainWindow.xib in Resources */,
				1873ABE513D17378001A999B /* flip-illusion-oriented.jpg in Resources */,
				1873ABE613D17378001A999B /* flip-illusion.png in Resources */,
				1873AC0D13D173AC001A999B /* unselected-page.png in Resources */,
				1873AC0E13D173AC001A999B /* selected-page.png in Resources */,
				180E01AC13D1B201005DF14C /* missing-people.png in Resources */,
				18D45F7B13D4365000BB814D /* close-popup.png in Resources */,
				18FD403713DB18460080C465 /* License in Resources */,
			);
			runOnlyForDeploymentPostprocessing = 0;
		};
/* End PBXResourcesBuildPhase section */

/* Begin PBXSourcesBuildPhase section */
		1D60588E0D05DD3D006BFB54 /* Sources */ = {
			isa = PBXSourcesBuildPhase;
			buildActionMask = 2147483647;
			files = (
				1D60589B0D05DD56006BFB54 /* main.m in Sources */,
				1D3623260D0F684500981E51 /* FlipViewAppDelegate.m in Sources */,
				1873AB0413D16FB3001A999B /* AFKPageFlipper.m in Sources */,
				1873AC2A13D17428001A999B /* FullScreenView.m in Sources */,
				1873AC2B13D17428001A999B /* TitleAndTextView.m in Sources */,
				1873AC2C13D17428001A999B /* UIViewExtention.m in Sources */,
				1873AC2D13D17428001A999B /* HeaderView.m in Sources */,
				1873AC2E13D17428001A999B /* FooterView.m in Sources */,
				1873AC4113D1743A001A999B /* LayoutViewExtention.m in Sources */,
				1873AC4213D1743A001A999B /* Layout5.m in Sources */,
				1873AC4313D1743A001A999B /* Layout6.m in Sources */,
				1873AC4413D1743A001A999B /* Layout7.m in Sources */,
				1873AC4513D1743A001A999B /* Layout8.m in Sources */,
				1873AC4613D1743A001A999B /* Layout4.m in Sources */,
				1873AC4713D1743A001A999B /* Layout3.m in Sources */,
				1873AC4813D1743A001A999B /* Layout2.m in Sources */,
				1873AC4913D1743A001A999B /* Layout1.m in Sources */,
				1873AC5913D17550001A999B /* MessageModel.m in Sources */,
				180E006713D19F83005DF14C /* WallViewController.m in Sources */,
			);
			runOnlyForDeploymentPostprocessing = 0;
		};
/* End PBXSourcesBuildPhase section */

/* Begin XCBuildConfiguration section */
		1D6058940D05DD3E006BFB54 /* Debug */ = {
			isa = XCBuildConfiguration;
			buildSettings = {
				ALWAYS_SEARCH_USER_PATHS = NO;
				COPY_PHASE_STRIP = NO;
				GCC_DYNAMIC_NO_PIC = NO;
				GCC_OPTIMIZATION_LEVEL = 0;
				GCC_PRECOMPILE_PREFIX_HEADER = YES;
				GCC_PREFIX_HEADER = FlipView_Prefix.pch;
				INFOPLIST_FILE = "FlipView-Info.plist";
				PRODUCT_NAME = FlipView;
			};
			name = Debug;
		};
		1D6058950D05DD3E006BFB54 /* Release */ = {
			isa = XCBuildConfiguration;
			buildSettings = {
				ALWAYS_SEARCH_USER_PATHS = NO;
				COPY_PHASE_STRIP = YES;
				GCC_PRECOMPILE_PREFIX_HEADER = YES;
				GCC_PREFIX_HEADER = FlipView_Prefix.pch;
				INFOPLIST_FILE = "FlipView-Info.plist";
				PRODUCT_NAME = FlipView;
				VALIDATE_PRODUCT = YES;
			};
			name = Release;
		};
		C01FCF4F08A954540054247B /* Debug */ = {
			isa = XCBuildConfiguration;
			buildSettings = {
				ARCHS = "$(ARCHS_UNIVERSAL_IPHONE_OS)";
				"CODE_SIGN_IDENTITY[sdk=iphoneos*]" = "iPhone Developer";
				GCC_C_LANGUAGE_STANDARD = c99;
				GCC_WARN_ABOUT_RETURN_TYPE = YES;
				GCC_WARN_UNUSED_VARIABLE = YES;
				PREBINDING = NO;
				SDKROOT = iphoneos;
				TARGETED_DEVICE_FAMILY = 2;
			};
			name = Debug;
		};
		C01FCF5008A954540054247B /* Release */ = {
			isa = XCBuildConfiguration;
			buildSettings = {
				ARCHS = "$(ARCHS_UNIVERSAL_IPHONE_OS)";
				"CODE_SIGN_IDENTITY[sdk=iphoneos*]" = "iPhone Developer";
				GCC_C_LANGUAGE_STANDARD = c99;
				GCC_WARN_ABOUT_RETURN_TYPE = YES;
				GCC_WARN_UNUSED_VARIABLE = YES;
				OTHER_CFLAGS = "-DNS_BLOCK_ASSERTIONS=1";
				PREBINDING = NO;
				SDKROOT = iphoneos;
				TARGETED_DEVICE_FAMILY = 2;
			};
			name = Release;
		};
/* End XCBuildConfiguration section */

/* Begin XCConfigurationList section */
		1D6058960D05DD3E006BFB54 /* Build configuration list for PBXNativeTarget "FlipView" */ = {
			isa = XCConfigurationList;
			buildConfigurations = (
				1D6058940D05DD3E006BFB54 /* Debug */,
				1D6058950D05DD3E006BFB54 /* Release */,
			);
			defaultConfigurationIsVisible = 0;
			defaultConfigurationName = Release;
		};
		C01FCF4E08A954540054247B /* Build configuration list for PBXProject "FlipView" */ = {
			isa = XCConfigurationList;
			buildConfigurations = (
				C01FCF4F08A954540054247B /* Debug */,
				C01FCF5008A954540054247B /* Release */,
			);
			defaultConfigurationIsVisible = 0;
			defaultConfigurationName = Release;
		};
/* End XCConfigurationList section */
	};
	rootObject = 29B97313FDCFA39411CA2CEA /* Project object */;
}
